
Microsoft Visual Studio Solution File, Format Version 12.00
# Visual Studio Version 17
VisualStudioVersion = 17.7.34024.191
MinimumVisualStudioVersion = 10.0.40219.1
Project("{FAE04EC0-301F-11D3-BF4B-00C04F79EFBC}") = "Jango01", "Jango01\Jango01.csproj", "{A0165F4C-F274-4CDE-A325-02779B4BE4DC}"
EndProject
Global
	GlobalSection(SolutionConfigurationPlatforms) = preSolution
		Debug|Any CPU = Debug|Any CPU
		Release|Any CPU = Release|Any CPU
	EndGlobalSection
	GlobalSection(ProjectConfigurationPlatforms) = postSolution
		{A0165F4C-F274-4CDE-A325-02779B4BE4DC}.Debug|Any CPU.ActiveCfg = Debug|Any CPU
		{A0165F4C-F274-4CDE-A325-02779B4BE4DC}.Debug|Any CPU.Build.0 = Debug|Any CPU
		{A0165F4C-F274-4CDE-A325-02779B4BE4DC}.Release|Any CPU.ActiveCfg = Release|Any CPU
		{A0165F4C-F274-4CDE-A325-02779B4BE4DC}.Release|Any CPU.Build.0 = Release|Any CPU
	EndGlobalSection
	GlobalSection(SolutionProperties) = preSolution
		HideSolutionNode = FALSE
	EndGlobalSection
	GlobalSection(ExtensibilityGlobals) = postSolution
		SolutionGuid = {E33005D6-5C39-4D70-876F-C964177A1FFA}
	EndGlobalSection
EndGlobal
